
Microsoft Visual Studio Solution File, Format Version 12.00
# Visual Studio Version 16
VisualStudioVersion = 16.0.30011.22
MinimumVisualStudioVersion = 10.0.40219.1
Project("{FAE04EC0-301F-11D3-BF4B-00C04F79EFBC}") = "HelloWorldWinform", "HelloWorldWinform\HelloWorldWinform.csproj", "{F6F9067D-9275-4430-9951-36F4B4236065}"
EndProject
Global
	GlobalSection(SolutionConfigurationPlatforms) = preSolution
		Debug|Any CPU = Debug|Any CPU
		Release|Any CPU = Release|Any CPU
	EndGlobalSection
	GlobalSection(ProjectConfigurationPlatforms) = postSolution
		{F6F9067D-9275-4430-9951-36F4B4236065}.Debug|Any CPU.ActiveCfg = Debug|Any CPU
		{F6F9067D-9275-4430-9951-36F4B4236065}.Debug|Any CPU.Build.0 = Debug|Any CPU
		{F6F9067D-9275-4430-9951-36F4B4236065}.Release|Any CPU.ActiveCfg = Release|Any CPU
		{F6F9067D-9275-4430-9951-36F4B4236065}.Release|Any CPU.Build.0 = Release|Any CPU
	EndGlobalSection
	GlobalSection(SolutionProperties) = preSolution
		HideSolutionNode = FALSE
	EndGlobalSection
	GlobalSection(ExtensibilityGlobals) = postSolution
		SolutionGuid = {20F51718-3752-4ADD-BCA5-67D13354B992}
	EndGlobalSection
EndGlobal
